// !$*UTF8*$!
{
	archiveVersion = 1;
	classes = {
	};
	objectVersion = 51;
	objects = {

/* Begin PBXBuildFile section */
		AC1FC021D5C054F1DE89A273 /* Pods_My_Memorandum_My_MemorandumUITests.framework in Frameworks */ = {isa = PBXBuildFile; fileRef = A25571874BB51CDF6B413F17 /* Pods_My_Memorandum_My_MemorandumUITests.framework */; };
		CC872411014FB5362D04209A /* Pods_My_MemorandumTests.framework in Frameworks */ = {isa = PBXBuildFile; fileRef = C19B0188245F74B3A1748B43 /* Pods_My_MemorandumTests.framework */; };
		D8E5D820248B451F00D3255C /* AppDelegate.m in Sources */ = {isa = PBXBuildFile; fileRef = D8E5D81F248B451F00D3255C /* AppDelegate.m */; };
		D8E5D823248B451F00D3255C /* SceneDelegate.m in Sources */ = {isa = PBXBuildFile; fileRef = D8E5D822248B451F00D3255C /* SceneDelegate.m */; };
		D8E5D82B248B452000D3255C /* Assets.xcassets in Resources */ = {isa = PBXBuildFile; fileRef = D8E5D82A248B452000D3255C /* Assets.xcassets */; };
		D8E5D82E248B452000D3255C /* LaunchScreen.storyboard in Resources */ = {isa = PBXBuildFile; fileRef = D8E5D82C248B452000D3255C /* LaunchScreen.storyboard */; };
		D8E5D831248B452000D3255C /* main.m in Sources */ = {isa = PBXBuildFile; fileRef = D8E5D830248B452000D3255C /* main.m */; };
		D8E5D83B248B452100D3255C /* My_MemorandumTests.m in Sources */ = {isa = PBXBuildFile; fileRef = D8E5D83A248B452100D3255C /* My_MemorandumTests.m */; };
		D8E5D846248B452100D3255C /* My_MemorandumUITests.m in Sources */ = {isa = PBXBuildFile; fileRef = D8E5D845248B452100D3255C /* My_MemorandumUITests.m */; };
		D8E5D87B248B6DB300D3255C /* BSBaseModel.m in Sources */ = {isa = PBXBuildFile; fileRef = D8E5D85B248B6DB300D3255C /* BSBaseModel.m */; };
		D8E5D87C248B6DB300D3255C /* BSCollectionViewController.m in Sources */ = {isa = PBXBuildFile; fileRef = D8E5D85D248B6DB300D3255C /* BSCollectionViewController.m */; };
		D8E5D87D248B6DB300D3255C /* BSBaseViewController.m in Sources */ = {isa = PBXBuildFile; fileRef = D8E5D860248B6DB300D3255C /* BSBaseViewController.m */; };
		D8E5D87E248B6DB300D3255C /* BSBaseTabBarController.m in Sources */ = {isa = PBXBuildFile; fileRef = D8E5D861248B6DB300D3255C /* BSBaseTabBarController.m */; };
		D8E5D87F248B6DB300D3255C /* BSBaseNavigationController.m in Sources */ = {isa = PBXBuildFile; fileRef = D8E5D862248B6DB300D3255C /* BSBaseNavigationController.m */; };
		D8E5D880248B6DB300D3255C /* BSBaseTableViewController.m in Sources */ = {isa = PBXBuildFile; fileRef = D8E5D864248B6DB300D3255C /* BSBaseTableViewController.m */; };
		D8E5D881248B6DB300D3255C /* URLHelper.m in Sources */ = {isa = PBXBuildFile; fileRef = D8E5D869248B6DB300D3255C /* URLHelper.m */; };
		D8E5D882248B6DB300D3255C /* UIButton+KSEdgeInsets.m in Sources */ = {isa = PBXBuildFile; fileRef = D8E5D86B248B6DB300D3255C /* UIButton+KSEdgeInsets.m */; };
		D8E5D883248B6DB300D3255C /* UIDevice+AdditionalInfo.m in Sources */ = {isa = PBXBuildFile; fileRef = D8E5D86D248B6DB300D3255C /* UIDevice+AdditionalInfo.m */; };
		D8E5D884248B6DB300D3255C /* UIView+Frame.m in Sources */ = {isa = PBXBuildFile; fileRef = D8E5D86E248B6DB300D3255C /* UIView+Frame.m */; };
		D8E5D885248B6DB300D3255C /* UITableView+BSAdditionalProperty.m in Sources */ = {isa = PBXBuildFile; fileRef = D8E5D870248B6DB300D3255C /* UITableView+BSAdditionalProperty.m */; };
		D8E5D886248B6DB300D3255C /* UIViewController+FetchAssignmentViewController.m in Sources */ = {isa = PBXBuildFile; fileRef = D8E5D874248B6DB300D3255C /* UIViewController+FetchAssignmentViewController.m */; };
		D8E5D887248B6DB300D3255C /* NSString+BSAdditionalFunction.m in Sources */ = {isa = PBXBuildFile; fileRef = D8E5D876248B6DB300D3255C /* NSString+BSAdditionalFunction.m */; };
		D8E5D888248B6DB300D3255C /* UIColor+BSAdditionalFunction.m in Sources */ = {isa = PBXBuildFile; fileRef = D8E5D878248B6DB300D3255C /* UIColor+BSAdditionalFunction.m */; };
		D8E5D889248B6DB300D3255C /* UIView+BSKit.m in Sources */ = {isa = PBXBuildFile; fileRef = D8E5D879248B6DB300D3255C /* UIView+BSKit.m */; };
		E9DD71FAF3F6815C89A1C6DA /* Pods_My_Memorandum.framework in Frameworks */ = {isa = PBXBuildFile; fileRef = ABD3D68671655C509C398327 /* Pods_My_Memorandum.framework */; };
/* End PBXBuildFile section */

/* Begin PBXContainerItemProxy section */
		D8E5D837248B452100D3255C /* PBXContainerItemProxy */ = {
			isa = PBXContainerItemProxy;
			containerPortal = D8E5D813248B451F00D3255C /* Project object */;
			proxyType = 1;
			remoteGlobalIDString = D8E5D81A248B451F00D3255C;
			remoteInfo = "My-Memorandum";
		};
		D8E5D842248B452100D3255C /* PBXContainerItemProxy */ = {
			isa = PBXContainerItemProxy;
			containerPortal = D8E5D813248B451F00D3255C /* Project object */;
			proxyType = 1;
			remoteGlobalIDString = D8E5D81A248B451F00D3255C;
			remoteInfo = "My-Memorandum";
		};
/* End PBXContainerItemProxy section */

/* Begin PBXFileReference section */
		00D1F9C14D4753D4E11A6586 /* Pods-My-Memorandum-My-MemorandumUITests.debug.xcconfig */ = {isa = PBXFileReference; includeInIndex = 1; lastKnownFileType = text.xcconfig; name = "Pods-My-Memorandum-My-MemorandumUITests.debug.xcconfig"; path = "Target Support Files/Pods-My-Memorandum-My-MemorandumUITests/Pods-My-Memorandum-My-MemorandumUITests.debug.xcconfig"; sourceTree = "<group>"; };
		7C7BE15E89DBC278F917FC1B /* Pods-My-MemorandumTests.debug.xcconfig */ = {isa = PBXFileReference; includeInIndex = 1; lastKnownFileType = text.xcconfig; name = "Pods-My-MemorandumTests.debug.xcconfig"; path = "Target Support Files/Pods-My-MemorandumTests/Pods-My-MemorandumTests.debug.xcconfig"; sourceTree = "<group>"; };
		7D2FACB79FB72AF87D3B2E57 /* Pods-My-MemorandumTests.release.xcconfig */ = {isa = PBXFileReference; includeInIndex = 1; lastKnownFileType = text.xcconfig; name = "Pods-My-MemorandumTests.release.xcconfig"; path = "Target Support Files/Pods-My-MemorandumTests/Pods-My-MemorandumTests.release.xcconfig"; sourceTree = "<group>"; };
		938F9AAF4D8E57FE61A05310 /* Pods-My-Memorandum.release.xcconfig */ = {isa = PBXFileReference; includeInIndex = 1; lastKnownFileType = text.xcconfig; name = "Pods-My-Memorandum.release.xcconfig"; path = "Target Support Files/Pods-My-Memorandum/Pods-My-Memorandum.release.xcconfig"; sourceTree = "<group>"; };
		99A6353E5355F78FF5D30D2E /* Pods-My-Memorandum.debug.xcconfig */ = {isa = PBXFileReference; includeInIndex = 1; lastKnownFileType = text.xcconfig; name = "Pods-My-Memorandum.debug.xcconfig"; path = "Target Support Files/Pods-My-Memorandum/Pods-My-Memorandum.debug.xcconfig"; sourceTree = "<group>"; };
		A25571874BB51CDF6B413F17 /* Pods_My_Memorandum_My_MemorandumUITests.framework */ = {isa = PBXFileReference; explicitFileType = wrapper.framework; includeInIndex = 0; path = Pods_My_Memorandum_My_MemorandumUITests.framework; sourceTree = BUILT_PRODUCTS_DIR; };
		ABD3D68671655C509C398327 /* Pods_My_Memorandum.framework */ = {isa = PBXFileReference; explicitFileType = wrapper.framework; includeInIndex = 0; path = Pods_My_Memorandum.framework; sourceTree = BUILT_PRODUCTS_DIR; };
		C19B0188245F74B3A1748B43 /* Pods_My_MemorandumTests.framework */ = {isa = PBXFileReference; explicitFileType = wrapper.framework; includeInIndex = 0; path = Pods_My_MemorandumTests.framework; sourceTree = BUILT_PRODUCTS_DIR; };
		C4161480E8032AF140EA9099 /* Pods-My-Memorandum-My-MemorandumUITests.release.xcconfig */ = {isa = PBXFileReference; includeInIndex = 1; lastKnownFileType = text.xcconfig; name = "Pods-My-Memorandum-My-MemorandumUITests.release.xcconfig"; path = "Target Support Files/Pods-My-Memorandum-My-MemorandumUITests/Pods-My-Memorandum-My-MemorandumUITests.release.xcconfig"; sourceTree = "<group>"; };
		D8E5D81B248B451F00D3255C /* My-Memorandum.app */ = {isa = PBXFileReference; explicitFileType = wrapper.application; includeInIndex = 0; path = "My-Memorandum.app"; sourceTree = BUILT_PRODUCTS_DIR; };
		D8E5D81E248B451F00D3255C /* AppDelegate.h */ = {isa = PBXFileReference; lastKnownFileType = sourcecode.c.h; path = AppDelegate.h; sourceTree = "<group>"; };
		D8E5D81F248B451F00D3255C /* AppDelegate.m */ = {isa = PBXFileReference; lastKnownFileType = sourcecode.c.objc; path = AppDelegate.m; sourceTree = "<group>"; };
		D8E5D821248B451F00D3255C /* SceneDelegate.h */ = {isa = PBXFileReference; lastKnownFileType = sourcecode.c.h; path = SceneDelegate.h; sourceTree = "<group>"; };
		D8E5D822248B451F00D3255C /* SceneDelegate.m */ = {isa = PBXFileReference; lastKnownFileType = sourcecode.c.objc; path = SceneDelegate.m; sourceTree = "<group>"; };
		D8E5D82A248B452000D3255C /* Assets.xcassets */ = {isa = PBXFileReference; lastKnownFileType = folder.assetcatalog; path = Assets.xcassets; sourceTree = "<group>"; };
		D8E5D82D248B452000D3255C /* Base */ = {isa = PBXFileReference; lastKnownFileType = file.storyboard; name = Base; path = Base.lproj/LaunchScreen.storyboard; sourceTree = "<group>"; };
		D8E5D82F248B452000D3255C /* Info.plist */ = {isa = PBXFileReference; lastKnownFileType = text.plist.xml; path = Info.plist; sourceTree = "<group>"; };
		D8E5D830248B452000D3255C /* main.m */ = {isa = PBXFileReference; lastKnownFileType = sourcecode.c.objc; path = main.m; sourceTree = "<group>"; };
		D8E5D836248B452000D3255C /* My-MemorandumTests.xctest */ = {isa = PBXFileReference; explicitFileType = wrapper.cfbundle; includeInIndex = 0; path = "My-MemorandumTests.xctest"; sourceTree = BUILT_PRODUCTS_DIR; };
		D8E5D83A248B452100D3255C /* My_MemorandumTests.m */ = {isa = PBXFileReference; lastKnownFileType = sourcecode.c.objc; path = My_MemorandumTests.m; sourceTree = "<group>"; };
		D8E5D83C248B452100D3255C /* Info.plist */ = {isa = PBXFileReference; lastKnownFileType = text.plist.xml; path = Info.plist; sourceTree = "<group>"; };
		D8E5D841248B452100D3255C /* My-MemorandumUITests.xctest */ = {isa = PBXFileReference; explicitFileType = wrapper.cfbundle; includeInIndex = 0; path = "My-MemorandumUITests.xctest"; sourceTree = BUILT_PRODUCTS_DIR; };
		D8E5D845248B452100D3255C /* My_MemorandumUITests.m */ = {isa = PBXFileReference; lastKnownFileType = sourcecode.c.objc; path = My_MemorandumUITests.m; sourceTree = "<group>"; };
		D8E5D847248B452100D3255C /* Info.plist */ = {isa = PBXFileReference; lastKnownFileType = text.plist.xml; path = Info.plist; sourceTree = "<group>"; };
		D8E5D853248B4A0000D3255C /* GlobalCommonFile.pch */ = {isa = PBXFileReference; lastKnownFileType = sourcecode.c.h; path = GlobalCommonFile.pch; sourceTree = "<group>"; };
		D8E5D858248B6DB300D3255C /* BSViewProtocol.h */ = {isa = PBXFileReference; fileEncoding = 4; lastKnownFileType = sourcecode.c.h; path = BSViewProtocol.h; sourceTree = "<group>"; };
		D8E5D85A248B6DB300D3255C /* BSBaseModel.h */ = {isa = PBXFileReference; fileEncoding = 4; lastKnownFileType = sourcecode.c.h; path = BSBaseModel.h; sourceTree = "<group>"; };
		D8E5D85B248B6DB300D3255C /* BSBaseModel.m */ = {isa = PBXFileReference; fileEncoding = 4; lastKnownFileType = sourcecode.c.objc; path = BSBaseModel.m; sourceTree = "<group>"; };
		D8E5D85D248B6DB300D3255C /* BSCollectionViewController.m */ = {isa = PBXFileReference; fileEncoding = 4; lastKnownFileType = sourcecode.c.objc; path = BSCollectionViewController.m; sourceTree = "<group>"; };
		D8E5D85E248B6DB300D3255C /* BSBaseNavigationController.h */ = {isa = PBXFileReference; fileEncoding = 4; lastKnownFileType = sourcecode.c.h; path = BSBaseNavigationController.h; sourceTree = "<group>"; };
		D8E5D85F248B6DB300D3255C /* BSBaseTableViewController.h */ = {isa = PBXFileReference; fileEncoding = 4; lastKnownFileType = sourcecode.c.h; path = BSBaseTableViewController.h; sourceTree = "<group>"; };
		D8E5D860248B6DB300D3255C /* BSBaseViewController.m */ = {isa = PBXFileReference; fileEncoding = 4; lastKnownFileType = sourcecode.c.objc; path = BSBaseViewController.m; sourceTree = "<group>"; };
		D8E5D861248B6DB300D3255C /* BSBaseTabBarController.m */ = {isa = PBXFileReference; fileEncoding = 4; lastKnownFileType = sourcecode.c.objc; path = BSBaseTabBarController.m; sourceTree = "<group>"; };
		D8E5D862248B6DB300D3255C /* BSBaseNavigationController.m */ = {isa = PBXFileReference; fileEncoding = 4; lastKnownFileType = sourcecode.c.objc; path = BSBaseNavigationController.m; sourceTree = "<group>"; };
		D8E5D863248B6DB300D3255C /* BSCollectionViewController.h */ = {isa = PBXFileReference; fileEncoding = 4; lastKnownFileType = sourcecode.c.h; path = BSCollectionViewController.h; sourceTree = "<group>"; };
		D8E5D864248B6DB300D3255C /* BSBaseTableViewController.m */ = {isa = PBXFileReference; fileEncoding = 4; lastKnownFileType = sourcecode.c.objc; path = BSBaseTableViewController.m; sourceTree = "<group>"; };
		D8E5D865248B6DB300D3255C /* BSBaseTabBarController.h */ = {isa = PBXFileReference; fileEncoding = 4; lastKnownFileType = sourcecode.c.h; path = BSBaseTabBarController.h; sourceTree = "<group>"; };
		D8E5D866248B6DB300D3255C /* BSBaseViewController.h */ = {isa = PBXFileReference; fileEncoding = 4; lastKnownFileType = sourcecode.c.h; path = BSBaseViewController.h; sourceTree = "<group>"; };
		D8E5D868248B6DB300D3255C /* URLHelper.h */ = {isa = PBXFileReference; fileEncoding = 4; lastKnownFileType = sourcecode.c.h; path = URLHelper.h; sourceTree = "<group>"; };
		D8E5D869248B6DB300D3255C /* URLHelper.m */ = {isa = PBXFileReference; fileEncoding = 4; lastKnownFileType = sourcecode.c.objc; path = URLHelper.m; sourceTree = "<group>"; };
		D8E5D86B248B6DB300D3255C /* UIButton+KSEdgeInsets.m */ = {isa = PBXFileReference; fileEncoding = 4; lastKnownFileType = sourcecode.c.objc; path = "UIButton+KSEdgeInsets.m"; sourceTree = "<group>"; };
		D8E5D86C248B6DB300D3255C /* UIViewController+FetchAssignmentViewController.h */ = {isa = PBXFileReference; fileEncoding = 4; lastKnownFileType = sourcecode.c.h; path = "UIViewController+FetchAssignmentViewController.h"; sourceTree = "<group>"; };
		D8E5D86D248B6DB300D3255C /* UIDevice+AdditionalInfo.m */ = {isa = PBXFileReference; fileEncoding = 4; lastKnownFileType = sourcecode.c.objc; path = "UIDevice+AdditionalInfo.m"; sourceTree = "<group>"; };
		D8E5D86E248B6DB300D3255C /* UIView+Frame.m */ = {isa = PBXFileReference; fileEncoding = 4; lastKnownFileType = sourcecode.c.objc; path = "UIView+Frame.m"; sourceTree = "<group>"; };
		D8E5D86F248B6DB300D3255C /* NSString+BSAdditionalFunction.h */ = {isa = PBXFileReference; fileEncoding = 4; lastKnownFileType = sourcecode.c.h; path = "NSString+BSAdditionalFunction.h"; sourceTree = "<group>"; };
		D8E5D870248B6DB300D3255C /* UITableView+BSAdditionalProperty.m */ = {isa = PBXFileReference; fileEncoding = 4; lastKnownFileType = sourcecode.c.objc; path = "UITableView+BSAdditionalProperty.m"; sourceTree = "<group>"; };
		D8E5D871248B6DB300D3255C /* UIView+BSKit.h */ = {isa = PBXFileReference; fileEncoding = 4; lastKnownFileType = sourcecode.c.h; path = "UIView+BSKit.h"; sourceTree = "<group>"; };
		D8E5D872248B6DB300D3255C /* UIColor+BSAdditionalFunction.h */ = {isa = PBXFileReference; fileEncoding = 4; lastKnownFileType = sourcecode.c.h; path = "UIColor+BSAdditionalFunction.h"; sourceTree = "<group>"; };
		D8E5D873248B6DB300D3255C /* UIDevice+AdditionalInfo.h */ = {isa = PBXFileReference; fileEncoding = 4; lastKnownFileType = sourcecode.c.h; path = "UIDevice+AdditionalInfo.h"; sourceTree = "<group>"; };
		D8E5D874248B6DB300D3255C /* UIViewController+FetchAssignmentViewController.m */ = {isa = PBXFileReference; fileEncoding = 4; lastKnownFileType = sourcecode.c.objc; path = "UIViewController+FetchAssignmentViewController.m"; sourceTree = "<group>"; };
		D8E5D875248B6DB300D3255C /* UIButton+KSEdgeInsets.h */ = {isa = PBXFileReference; fileEncoding = 4; lastKnownFileType = sourcecode.c.h; path = "UIButton+KSEdgeInsets.h"; sourceTree = "<group>"; };
		D8E5D876248B6DB300D3255C /* NSString+BSAdditionalFunction.m */ = {isa = PBXFileReference; fileEncoding = 4; lastKnownFileType = sourcecode.c.objc; path = "NSString+BSAdditionalFunction.m"; sourceTree = "<group>"; };
		D8E5D877248B6DB300D3255C /* UIView+Frame.h */ = {isa = PBXFileReference; fileEncoding = 4; lastKnownFileType = sourcecode.c.h; path = "UIView+Frame.h"; sourceTree = "<group>"; };
		D8E5D878248B6DB300D3255C /* UIColor+BSAdditionalFunction.m */ = {isa = PBXFileReference; fileEncoding = 4; lastKnownFileType = sourcecode.c.objc; path = "UIColor+BSAdditionalFunction.m"; sourceTree = "<group>"; };
		D8E5D879248B6DB300D3255C /* UIView+BSKit.m */ = {isa = PBXFileReference; fileEncoding = 4; lastKnownFileType = sourcecode.c.objc; path = "UIView+BSKit.m"; sourceTree = "<group>"; };
		D8E5D87A248B6DB300D3255C /* UITableView+BSAdditionalProperty.h */ = {isa = PBXFileReference; fileEncoding = 4; lastKnownFileType = sourcecode.c.h; path = "UITableView+BSAdditionalProperty.h"; sourceTree = "<group>"; };
/* End PBXFileReference section */

/* Begin PBXFrameworksBuildPhase section */
		D8E5D818248B451F00D3255C /* Frameworks */ = {
			isa = PBXFrameworksBuildPhase;
			buildActionMask = 2147483647;
			files = (
				E9DD71FAF3F6815C89A1C6DA /* Pods_My_Memorandum.framework in Frameworks */,
			);
			runOnlyForDeploymentPostprocessing = 0;
		};
		D8E5D833248B452000D3255C /* Frameworks */ = {
			isa = PBXFrameworksBuildPhase;
			buildActionMask = 2147483647;
			files = (
				CC872411014FB5362D04209A /* Pods_My_MemorandumTests.framework in Frameworks */,
			);
			runOnlyForDeploymentPostprocessing = 0;
		};
		D8E5D83E248B452100D3255C /* Frameworks */ = {
			isa = PBXFrameworksBuildPhase;
			buildActionMask = 2147483647;
			files = (
				AC1FC021D5C054F1DE89A273 /* Pods_My_Memorandum_My_MemorandumUITests.framework in Frameworks */,
			);
			runOnlyForDeploymentPostprocessing = 0;
		};
/* End PBXFrameworksBuildPhase section */

/* Begin PBXGroup section */
		2D5FA779B90C3521F4375751 /* Pods */ = {
			isa = PBXGroup;
			children = (
				99A6353E5355F78FF5D30D2E /* Pods-My-Memorandum.debug.xcconfig */,
				938F9AAF4D8E57FE61A05310 /* Pods-My-Memorandum.release.xcconfig */,
				00D1F9C14D4753D4E11A6586 /* Pods-My-Memorandum-My-MemorandumUITests.debug.xcconfig */,
				C4161480E8032AF140EA9099 /* Pods-My-Memorandum-My-MemorandumUITests.release.xcconfig */,
				7C7BE15E89DBC278F917FC1B /* Pods-My-MemorandumTests.debug.xcconfig */,
				7D2FACB79FB72AF87D3B2E57 /* Pods-My-MemorandumTests.release.xcconfig */,
			);
			path = Pods;
			sourceTree = "<group>";
		};
		D719018480982848B94E9FA1 /* Frameworks */ = {
			isa = PBXGroup;
			children = (
				ABD3D68671655C509C398327 /* Pods_My_Memorandum.framework */,
				A25571874BB51CDF6B413F17 /* Pods_My_Memorandum_My_MemorandumUITests.framework */,
				C19B0188245F74B3A1748B43 /* Pods_My_MemorandumTests.framework */,
			);
			name = Frameworks;
			sourceTree = "<group>";
		};
		D8E5D812248B451F00D3255C = {
			isa = PBXGroup;
			children = (
				D8E5D81D248B451F00D3255C /* My-Memorandum */,
				D8E5D839248B452100D3255C /* My-MemorandumTests */,
				D8E5D844248B452100D3255C /* My-MemorandumUITests */,
				D8E5D81C248B451F00D3255C /* Products */,
				2D5FA779B90C3521F4375751 /* Pods */,
				D719018480982848B94E9FA1 /* Frameworks */,
			);
			sourceTree = "<group>";
		};
		D8E5D81C248B451F00D3255C /* Products */ = {
			isa = PBXGroup;
			children = (
				D8E5D81B248B451F00D3255C /* My-Memorandum.app */,
				D8E5D836248B452000D3255C /* My-MemorandumTests.xctest */,
				D8E5D841248B452100D3255C /* My-MemorandumUITests.xctest */,
			);
			name = Products;
			sourceTree = "<group>";
		};
		D8E5D81D248B451F00D3255C /* My-Memorandum */ = {
			isa = PBXGroup;
			children = (
				D8E5D856248B6DB300D3255C /* Public */,
				D8E5D855248B6D9800D3255C /* LaunchFile */,
				D8E5D854248B6D5000D3255C /* Other */,
				D8E5D82F248B452000D3255C /* Info.plist */,
			);
			path = "My-Memorandum";
			sourceTree = "<group>";
		};
		D8E5D839248B452100D3255C /* My-MemorandumTests */ = {
			isa = PBXGroup;
			children = (
				D8E5D83A248B452100D3255C /* My_MemorandumTests.m */,
				D8E5D83C248B452100D3255C /* Info.plist */,
			);
			path = "My-MemorandumTests";
			sourceTree = "<group>";
		};
		D8E5D844248B452100D3255C /* My-MemorandumUITests */ = {
			isa = PBXGroup;
			children = (
				D8E5D845248B452100D3255C /* My_MemorandumUITests.m */,
				D8E5D847248B452100D3255C /* Info.plist */,
			);
			path = "My-MemorandumUITests";
			sourceTree = "<group>";
		};
		D8E5D854248B6D5000D3255C /* Other */ = {
			isa = PBXGroup;
			children = (
				D8E5D82A248B452000D3255C /* Assets.xcassets */,
				D8E5D82C248B452000D3255C /* LaunchScreen.storyboard */,
				D8E5D830248B452000D3255C /* main.m */,
				D8E5D853248B4A0000D3255C /* GlobalCommonFile.pch */,
			);
			path = Other;
			sourceTree = "<group>";
		};
		D8E5D855248B6D9800D3255C /* LaunchFile */ = {
			isa = PBXGroup;
			children = (
				D8E5D81E248B451F00D3255C /* AppDelegate.h */,
				D8E5D81F248B451F00D3255C /* AppDelegate.m */,
				D8E5D821248B451F00D3255C /* SceneDelegate.h */,
				D8E5D822248B451F00D3255C /* SceneDelegate.m */,
			);
			path = LaunchFile;
			sourceTree = "<group>";
		};
		D8E5D856248B6DB300D3255C /* Public */ = {
			isa = PBXGroup;
			children = (
				D8E5D857248B6DB300D3255C /* Protocol */,
				D8E5D859248B6DB300D3255C /* BaseModel */,
				D8E5D85C248B6DB300D3255C /* BaseViewControllers */,
				D8E5D867248B6DB300D3255C /* Helper */,
				D8E5D86A248B6DB300D3255C /* Categories */,
			);
			path = Public;
			sourceTree = "<group>";
		};
		D8E5D857248B6DB300D3255C /* Protocol */ = {
			isa = PBXGroup;
			children = (
				D8E5D858248B6DB300D3255C /* BSViewProtocol.h */,
			);
			path = Protocol;
			sourceTree = "<group>";
		};
		D8E5D859248B6DB300D3255C /* BaseModel */ = {
			isa = PBXGroup;
			children = (
				D8E5D85A248B6DB300D3255C /* BSBaseModel.h */,
				D8E5D85B248B6DB300D3255C /* BSBaseModel.m */,
			);
			path = BaseModel;
			sourceTree = "<group>";
		};
		D8E5D85C248B6DB300D3255C /* BaseViewControllers */ = {
			isa = PBXGroup;
			children = (
				D8E5D85D248B6DB300D3255C /* BSCollectionViewController.m */,
				D8E5D85E248B6DB300D3255C /* BSBaseNavigationController.h */,
				D8E5D85F248B6DB300D3255C /* BSBaseTableViewController.h */,
				D8E5D860248B6DB300D3255C /* BSBaseViewController.m */,
				D8E5D861248B6DB300D3255C /* BSBaseTabBarController.m */,
				D8E5D862248B6DB300D3255C /* BSBaseNavigationController.m */,
				D8E5D863248B6DB300D3255C /* BSCollectionViewController.h */,
				D8E5D864248B6DB300D3255C /* BSBaseTableViewController.m */,
				D8E5D865248B6DB300D3255C /* BSBaseTabBarController.h */,
				D8E5D866248B6DB300D3255C /* BSBaseViewController.h */,
			);
			path = BaseViewControllers;
			sourceTree = "<group>";
		};
		D8E5D867248B6DB300D3255C /* Helper */ = {
			isa = PBXGroup;
			children = (
				D8E5D868248B6DB300D3255C /* URLHelper.h */,
				D8E5D869248B6DB300D3255C /* URLHelper.m */,
			);
			path = Helper;
			sourceTree = "<group>";
		};
		D8E5D86A248B6DB300D3255C /* Categories */ = {
			isa = PBXGroup;
			children = (
				D8E5D86B248B6DB300D3255C /* UIButton+KSEdgeInsets.m */,
				D8E5D86C248B6DB300D3255C /* UIViewController+FetchAssignmentViewController.h */,
				D8E5D86D248B6DB300D3255C /* UIDevice+AdditionalInfo.m */,
				D8E5D86E248B6DB300D3255C /* UIView+Frame.m */,
				D8E5D86F248B6DB300D3255C /* NSString+BSAdditionalFunction.h */,
				D8E5D870248B6DB300D3255C /* UITableView+BSAdditionalProperty.m */,
				D8E5D871248B6DB300D3255C /* UIView+BSKit.h */,
				D8E5D872248B6DB300D3255C /* UIColor+BSAdditionalFunction.h */,
				D8E5D873248B6DB300D3255C /* UIDevice+AdditionalInfo.h */,
				D8E5D874248B6DB300D3255C /* UIViewController+FetchAssignmentViewController.m */,
				D8E5D875248B6DB300D3255C /* UIButton+KSEdgeInsets.h */,
				D8E5D876248B6DB300D3255C /* NSString+BSAdditionalFunction.m */,
				D8E5D877248B6DB300D3255C /* UIView+Frame.h */,
				D8E5D878248B6DB300D3255C /* UIColor+BSAdditionalFunction.m */,
				D8E5D879248B6DB300D3255C /* UIView+BSKit.m */,
				D8E5D87A248B6DB300D3255C /* UITableView+BSAdditionalProperty.h */,
			);
			path = Categories;
			sourceTree = "<group>";
		};
/* End PBXGroup section */

/* Begin PBXNativeTarget section */
		D8E5D81A248B451F00D3255C /* My-Memorandum */ = {
			isa = PBXNativeTarget;
			buildConfigurationList = D8E5D84A248B452100D3255C /* Build configuration list for PBXNativeTarget "My-Memorandum" */;
			buildPhases = (
				462184E8A11E2832FB48AAE0 /* [CP] Check Pods Manifest.lock */,
				D8E5D817248B451F00D3255C /* Sources */,
				D8E5D818248B451F00D3255C /* Frameworks */,
				D8E5D819248B451F00D3255C /* Resources */,
				1A22C70C3655749EE4DFFAB2 /* [CP] Embed Pods Frameworks */,
			);
			buildRules = (
			);
			dependencies = (
			);
			name = "My-Memorandum";
			productName = "My-Memorandum";
			productReference = D8E5D81B248B451F00D3255C /* My-Memorandum.app */;
			productType = "com.apple.product-type.application";
		};
		D8E5D835248B452000D3255C /* My-MemorandumTests */ = {
			isa = PBXNativeTarget;
			buildConfigurationList = D8E5D84D248B452100D3255C /* Build configuration list for PBXNativeTarget "My-MemorandumTests" */;
			buildPhases = (
				DCB57C332B1C3C66A5A01E2B /* [CP] Check Pods Manifest.lock */,
				D8E5D832248B452000D3255C /* Sources */,
				D8E5D833248B452000D3255C /* Frameworks */,
				D8E5D834248B452000D3255C /* Resources */,
			);
			buildRules = (
			);
			dependencies = (
				D8E5D838248B452100D3255C /* PBXTargetDependency */,
			);
			name = "My-MemorandumTests";
			productName = "My-MemorandumTests";
			productReference = D8E5D836248B452000D3255C /* My-MemorandumTests.xctest */;
			productType = "com.apple.product-type.bundle.unit-test";
		};
		D8E5D840248B452100D3255C /* My-MemorandumUITests */ = {
			isa = PBXNativeTarget;
			buildConfigurationList = D8E5D850248B452100D3255C /* Build configuration list for PBXNativeTarget "My-MemorandumUITests" */;
			buildPhases = (
				74E5EFD482846691AE8E238F /* [CP] Check Pods Manifest.lock */,
				D8E5D83D248B452100D3255C /* Sources */,
				D8E5D83E248B452100D3255C /* Frameworks */,
				D8E5D83F248B452100D3255C /* Resources */,
				B3A81359FA7531E9CFD2B4F8 /* [CP] Embed Pods Frameworks */,
			);
			buildRules = (
			);
			dependencies = (
				D8E5D843248B452100D3255C /* PBXTargetDependency */,
			);
			name = "My-MemorandumUITests";
			productName = "My-MemorandumUITests";
			productReference = D8E5D841248B452100D3255C /* My-MemorandumUITests.xctest */;
			productType = "com.apple.product-type.bundle.ui-testing";
		};
/* End PBXNativeTarget section */

/* Begin PBXProject section */
		D8E5D813248B451F00D3255C /* Project object */ = {
			isa = PBXProject;
			attributes = {
				LastUpgradeCheck = 1150;
				ORGANIZATIONNAME = banglin;
				TargetAttributes = {
					D8E5D81A248B451F00D3255C = {
						CreatedOnToolsVersion = 11.5;
					};
					D8E5D835248B452000D3255C = {
						CreatedOnToolsVersion = 11.5;
						TestTargetID = D8E5D81A248B451F00D3255C;
					};
					D8E5D840248B452100D3255C = {
						CreatedOnToolsVersion = 11.5;
						TestTargetID = D8E5D81A248B451F00D3255C;
					};
				};
			};
			buildConfigurationList = D8E5D816248B451F00D3255C /* Build configuration list for PBXProject "My-Memorandum" */;
			compatibilityVersion = "Xcode 9.3";
			developmentRegion = en;
			hasScannedForEncodings = 0;
			knownRegions = (
				en,
				Base,
			);
			mainGroup = D8E5D812248B451F00D3255C;
			productRefGroup = D8E5D81C248B451F00D3255C /* Products */;
			projectDirPath = "";
			projectRoot = "";
			targets = (
				D8E5D81A248B451F00D3255C /* My-Memorandum */,
				D8E5D835248B452000D3255C /* My-MemorandumTests */,
				D8E5D840248B452100D3255C /* My-MemorandumUITests */,
			);
		};
/* End PBXProject section */

/* Begin PBXResourcesBuildPhase section */
		D8E5D819248B451F00D3255C /* Resources */ = {
			isa = PBXResourcesBuildPhase;
			buildActionMask = 2147483647;
			files = (
				D8E5D82E248B452000D3255C /* LaunchScreen.storyboard in Resources */,
				D8E5D82B248B452000D3255C /* Assets.xcassets in Resources */,
			);
			runOnlyForDeploymentPostprocessing = 0;
		};
		D8E5D834248B452000D3255C /* Resources */ = {
			isa = PBXResourcesBuildPhase;
			buildActionMask = 2147483647;
			files = (
			);
			runOnlyForDeploymentPostprocessing = 0;
		};
		D8E5D83F248B452100D3255C /* Resources */ = {
			isa = PBXResourcesBuildPhase;
			buildActionMask = 2147483647;
			files = (
			);
			runOnlyForDeploymentPostprocessing = 0;
		};
/* End PBXResourcesBuildPhase section */

/* Begin PBXShellScriptBuildPhase section */
		1A22C70C3655749EE4DFFAB2 /* [CP] Embed Pods Frameworks */ = {
			isa = PBXShellScriptBuildPhase;
			buildActionMask = 2147483647;
			files = (
			);
			inputFileListPaths = (
				"${PODS_ROOT}/Target Support Files/Pods-My-Memorandum/Pods-My-Memorandum-frameworks-${CONFIGURATION}-input-files.xcfilelist",
			);
			name = "[CP] Embed Pods Frameworks";
			outputFileListPaths = (
				"${PODS_ROOT}/Target Support Files/Pods-My-Memorandum/Pods-My-Memorandum-frameworks-${CONFIGURATION}-output-files.xcfilelist",
			);
			runOnlyForDeploymentPostprocessing = 0;
			shellPath = /bin/sh;
			shellScript = "\"${PODS_ROOT}/Target Support Files/Pods-My-Memorandum/Pods-My-Memorandum-frameworks.sh\"\n";
			showEnvVarsInLog = 0;
		};
		462184E8A11E2832FB48AAE0 /* [CP] Check Pods Manifest.lock */ = {
			isa = PBXShellScriptBuildPhase;
			buildActionMask = 2147483647;
			files = (
			);
			inputFileListPaths = (
			);
			inputPaths = (
				"${PODS_PODFILE_DIR_PATH}/Podfile.lock",
				"${PODS_ROOT}/Manifest.lock",
			);
			name = "[CP] Check Pods Manifest.lock";
			outputFileListPaths = (
			);
			outputPaths = (
				"$(DERIVED_FILE_DIR)/Pods-My-Memorandum-checkManifestLockResult.txt",
			);
			runOnlyForDeploymentPostprocessing = 0;
			shellPath = /bin/sh;
			shellScript = "diff \"${PODS_PODFILE_DIR_PATH}/Podfile.lock\" \"${PODS_ROOT}/Manifest.lock\" > /dev/null\nif [ $? != 0 ] ; then\n    # print error to STDERR\n    echo \"error: The sandbox is not in sync with the Podfile.lock. Run 'pod install' or update your CocoaPods installation.\" >&2\n    exit 1\nfi\n# This output is used by Xcode 'outputs' to avoid re-running this script phase.\necho \"SUCCESS\" > \"${SCRIPT_OUTPUT_FILE_0}\"\n";
			showEnvVarsInLog = 0;
		};
		74E5EFD482846691AE8E238F /* [CP] Check Pods Manifest.lock */ = {
			isa = PBXShellScriptBuildPhase;
			buildActionMask = 2147483647;
			files = (
			);
			inputFileListPaths = (
			);
			inputPaths = (
				"${PODS_PODFILE_DIR_PATH}/Podfile.lock",
				"${PODS_ROOT}/Manifest.lock",
			);
			name = "[CP] Check Pods Manifest.lock";
			outputFileListPaths = (
			);
			outputPaths = (
				"$(DERIVED_FILE_DIR)/Pods-My-Memorandum-My-MemorandumUITests-checkManifestLockResult.txt",
			);
			runOnlyForDeploymentPostprocessing = 0;
			shellPath = /bin/sh;
			shellScript = "diff \"${PODS_PODFILE_DIR_PATH}/Podfile.lock\" \"${PODS_ROOT}/Manifest.lock\" > /dev/null\nif [ $? != 0 ] ; then\n    # print error to STDERR\n    echo \"error: The sandbox is not in sync with the Podfile.lock. Run 'pod install' or update your CocoaPods installation.\" >&2\n    exit 1\nfi\n# This output is used by Xcode 'outputs' to avoid re-running this script phase.\necho \"SUCCESS\" > \"${SCRIPT_OUTPUT_FILE_0}\"\n";
			showEnvVarsInLog = 0;
		};
		B3A81359FA7531E9CFD2B4F8 /* [CP] Embed Pods Frameworks */ = {
			isa = PBXShellScriptBuildPhase;
			buildActionMask = 2147483647;
			files = (
			);
			inputFileListPaths = (
				"${PODS_ROOT}/Target Support Files/Pods-My-Memorandum-My-MemorandumUITests/Pods-My-Memorandum-My-MemorandumUITests-frameworks-${CONFIGURATION}-input-files.xcfilelist",
			);
			name = "[CP] Embed Pods Frameworks";
			outputFileListPaths = (
				"${PODS_ROOT}/Target Support Files/Pods-My-Memorandum-My-MemorandumUITests/Pods-My-Memorandum-My-MemorandumUITests-frameworks-${CONFIGURATION}-output-files.xcfilelist",
			);
			runOnlyForDeploymentPostprocessing = 0;
			shellPath = /bin/sh;
			shellScript = "\"${PODS_ROOT}/Target Support Files/Pods-My-Memorandum-My-MemorandumUITests/Pods-My-Memorandum-My-MemorandumUITests-frameworks.sh\"\n";
			showEnvVarsInLog = 0;
		};
		DCB57C332B1C3C66A5A01E2B /* [CP] Check Pods Manifest.lock */ = {
			isa = PBXShellScriptBuildPhase;
			buildActionMask = 2147483647;
			files = (
			);
			inputFileListPaths = (
			);
			inputPaths = (
				"${PODS_PODFILE_DIR_PATH}/Podfile.lock",
				"${PODS_ROOT}/Manifest.lock",
			);
			name = "[CP] Check Pods Manifest.lock";
			outputFileListPaths = (
			);
			outputPaths = (
				"$(DERIVED_FILE_DIR)/Pods-My-MemorandumTests-checkManifestLockResult.txt",
			);
			runOnlyForDeploymentPostprocessing = 0;
			shellPath = /bin/sh;
			shellScript = "diff \"${PODS_PODFILE_DIR_PATH}/Podfile.lock\" \"${PODS_ROOT}/Manifest.lock\" > /dev/null\nif [ $? != 0 ] ; then\n    # print error to STDERR\n    echo \"error: The sandbox is not in sync with the Podfile.lock. Run 'pod install' or update your CocoaPods installation.\" >&2\n    exit 1\nfi\n# This output is used by Xcode 'outputs' to avoid re-running this script phase.\necho \"SUCCESS\" > \"${SCRIPT_OUTPUT_FILE_0}\"\n";
			showEnvVarsInLog = 0;
		};
/* End PBXShellScriptBuildPhase section */

/* Begin PBXSourcesBuildPhase section */
		D8E5D817248B451F00D3255C /* Sources */ = {
			isa = PBXSourcesBuildPhase;
			buildActionMask = 2147483647;
			files = (
				D8E5D87E248B6DB300D3255C /* BSBaseTabBarController.m in Sources */,
				D8E5D887248B6DB300D3255C /* NSString+BSAdditionalFunction.m in Sources */,
				D8E5D820248B451F00D3255C /* AppDelegate.m in Sources */,
				D8E5D888248B6DB300D3255C /* UIColor+BSAdditionalFunction.m in Sources */,
				D8E5D885248B6DB300D3255C /* UITableView+BSAdditionalProperty.m in Sources */,
				D8E5D883248B6DB300D3255C /* UIDevice+AdditionalInfo.m in Sources */,
				D8E5D87B248B6DB300D3255C /* BSBaseModel.m in Sources */,
				D8E5D87F248B6DB300D3255C /* BSBaseNavigationController.m in Sources */,
				D8E5D884248B6DB300D3255C /* UIView+Frame.m in Sources */,
				D8E5D87D248B6DB300D3255C /* BSBaseViewController.m in Sources */,
				D8E5D881248B6DB300D3255C /* URLHelper.m in Sources */,
				D8E5D882248B6DB300D3255C /* UIButton+KSEdgeInsets.m in Sources */,
				D8E5D880248B6DB300D3255C /* BSBaseTableViewController.m in Sources */,
				D8E5D831248B452000D3255C /* main.m in Sources */,
				D8E5D889248B6DB300D3255C /* UIView+BSKit.m in Sources */,
				D8E5D823248B451F00D3255C /* SceneDelegate.m in Sources */,
				D8E5D886248B6DB300D3255C /* UIViewController+FetchAssignmentViewController.m in Sources */,
				D8E5D87C248B6DB300D3255C /* BSCollectionViewController.m in Sources */,
			);
			runOnlyForDeploymentPostprocessing = 0;
		};
		D8E5D832248B452000D3255C /* Sources */ = {
			isa = PBXSourcesBuildPhase;
			buildActionMask = 2147483647;
			files = (
				D8E5D83B248B452100D3255C /* My_MemorandumTests.m in Sources */,
			);
			runOnlyForDeploymentPostprocessing = 0;
		};
		D8E5D83D248B452100D3255C /* Sources */ = {
			isa = PBXSourcesBuildPhase;
			buildActionMask = 2147483647;
			files = (
				D8E5D846248B452100D3255C /* My_MemorandumUITests.m in Sources */,
			);
			runOnlyForDeploymentPostprocessing = 0;
		};
/* End PBXSourcesBuildPhase section */

/* Begin PBXTargetDependency section */
		D8E5D838248B452100D3255C /* PBXTargetDependency */ = {
			isa = PBXTargetDependency;
			target = D8E5D81A248B451F00D3255C /* My-Memorandum */;
			targetProxy = D8E5D837248B452100D3255C /* PBXContainerItemProxy */;
		};
		D8E5D843248B452100D3255C /* PBXTargetDependency */ = {
			isa = PBXTargetDependency;
			target = D8E5D81A248B451F00D3255C /* My-Memorandum */;
			targetProxy = D8E5D842248B452100D3255C /* PBXContainerItemProxy */;
		};
/* End PBXTargetDependency section */

/* Begin PBXVariantGroup section */
		D8E5D82C248B452000D3255C /* LaunchScreen.storyboard */ = {
			isa = PBXVariantGroup;
			children = (
				D8E5D82D248B452000D3255C /* Base */,
			);
			name = LaunchScreen.storyboard;
			sourceTree = "<group>";
		};
/* End PBXVariantGroup section */

/* Begin XCBuildConfiguration section */
		D8E5D848248B452100D3255C /* Debug */ = {
			isa = XCBuildConfiguration;
			buildSettings = {
				ALWAYS_SEARCH_USER_PATHS = NO;
				CLANG_ANALYZER_NONNULL = YES;
				CLANG_ANALYZER_NUMBER_OBJECT_CONVERSION = YES_AGGRESSIVE;
				CLANG_CXX_LANGUAGE_STANDARD = "gnu++14";
				CLANG_CXX_LIBRARY = "libc++";
				CLANG_ENABLE_MODULES = YES;
				CLANG_ENABLE_OBJC_ARC = YES;
				CLANG_ENABLE_OBJC_WEAK = YES;
				CLANG_WARN_BLOCK_CAPTURE_AUTORELEASING = YES;
				CLANG_WARN_BOOL_CONVERSION = YES;
				CLANG_WARN_COMMA = YES;
				CLANG_WARN_CONSTANT_CONVERSION = YES;
				CLANG_WARN_DEPRECATED_OBJC_IMPLEMENTATIONS = YES;
				CLANG_WARN_DIRECT_OBJC_ISA_USAGE = YES_ERROR;
				CLANG_WARN_DOCUMENTATION_COMMENTS = YES;
				CLANG_WARN_EMPTY_BODY = YES;
				CLANG_WARN_ENUM_CONVERSION = YES;
				CLANG_WARN_INFINITE_RECURSION = YES;
				CLANG_WARN_INT_CONVERSION = YES;
				CLANG_WARN_NON_LITERAL_NULL_CONVERSION = YES;
				CLANG_WARN_OBJC_IMPLICIT_RETAIN_SELF = YES;
				CLANG_WARN_OBJC_LITERAL_CONVERSION = YES;
				CLANG_WARN_OBJC_ROOT_CLASS = YES_ERROR;
				CLANG_WARN_RANGE_LOOP_ANALYSIS = YES;
				CLANG_WARN_STRICT_PROTOTYPES = YES;
				CLANG_WARN_SUSPICIOUS_MOVE = YES;
				CLANG_WARN_UNGUARDED_AVAILABILITY = YES_AGGRESSIVE;
				CLANG_WARN_UNREACHABLE_CODE = YES;
				CLANG_WARN__DUPLICATE_METHOD_MATCH = YES;
				COPY_PHASE_STRIP = NO;
				DEBUG_INFORMATION_FORMAT = dwarf;
				ENABLE_STRICT_OBJC_MSGSEND = YES;
				ENABLE_TESTABILITY = YES;
				GCC_C_LANGUAGE_STANDARD = gnu11;
				GCC_DYNAMIC_NO_PIC = NO;
				GCC_NO_COMMON_BLOCKS = YES;
				GCC_OPTIMIZATION_LEVEL = 0;
				GCC_PREPROCESSOR_DEFINITIONS = (
					"DEBUG=1",
					"$(inherited)",
				);
				GCC_WARN_64_TO_32_BIT_CONVERSION = YES;
				GCC_WARN_ABOUT_RETURN_TYPE = YES_ERROR;
				GCC_WARN_UNDECLARED_SELECTOR = YES;
				GCC_WARN_UNINITIALIZED_AUTOS = YES_AGGRESSIVE;
				GCC_WARN_UNUSED_FUNCTION = YES;
				GCC_WARN_UNUSED_VARIABLE = YES;
				IPHONEOS_DEPLOYMENT_TARGET = 13.5;
				MTL_ENABLE_DEBUG_INFO = INCLUDE_SOURCE;
				MTL_FAST_MATH = YES;
				ONLY_ACTIVE_ARCH = YES;
				SDKROOT = iphoneos;
			};
			name = Debug;
		};
		D8E5D849248B452100D3255C /* Release */ = {
			isa = XCBuildConfiguration;
			buildSettings = {
				ALWAYS_SEARCH_USER_PATHS = NO;
				CLANG_ANALYZER_NONNULL = YES;
				CLANG_ANALYZER_NUMBER_OBJECT_CONVERSION = YES_AGGRESSIVE;
				CLANG_CXX_LANGUAGE_STANDARD = "gnu++14";
				CLANG_CXX_LIBRARY = "libc++";
				CLANG_ENABLE_MODULES = YES;
				CLANG_ENABLE_OBJC_ARC = YES;
				CLANG_ENABLE_OBJC_WEAK = YES;
				CLANG_WARN_BLOCK_CAPTURE_AUTORELEASING = YES;
				CLANG_WARN_BOOL_CONVERSION = YES;
				CLANG_WARN_COMMA = YES;
				CLANG_WARN_CONSTANT_CONVERSION = YES;
				CLANG_WARN_DEPRECATED_OBJC_IMPLEMENTATIONS = YES;
				CLANG_WARN_DIRECT_OBJC_ISA_USAGE = YES_ERROR;
				CLANG_WARN_DOCUMENTATION_COMMENTS = YES;
				CLANG_WARN_EMPTY_BODY = YES;
				CLANG_WARN_ENUM_CONVERSION = YES;
				CLANG_WARN_INFINITE_RECURSION = YES;
				CLANG_WARN_INT_CONVERSION = YES;
				CLANG_WARN_NON_LITERAL_NULL_CONVERSION = YES;
				CLANG_WARN_OBJC_IMPLICIT_RETAIN_SELF = YES;
				CLANG_WARN_OBJC_LITERAL_CONVERSION = YES;
				CLANG_WARN_OBJC_ROOT_CLASS = YES_ERROR;
				CLANG_WARN_RANGE_LOOP_ANALYSIS = YES;
				CLANG_WARN_STRICT_PROTOTYPES = YES;
				CLANG_WARN_SUSPICIOUS_MOVE = YES;
				CLANG_WARN_UNGUARDED_AVAILABILITY = YES_AGGRESSIVE;
				CLANG_WARN_UNREACHABLE_CODE = YES;
				CLANG_WARN__DUPLICATE_METHOD_MATCH = YES;
				COPY_PHASE_STRIP = NO;
				DEBUG_INFORMATION_FORMAT = "dwarf-with-dsym";
				ENABLE_NS_ASSERTIONS = NO;
				ENABLE_STRICT_OBJC_MSGSEND = YES;
				GCC_C_LANGUAGE_STANDARD = gnu11;
				GCC_NO_COMMON_BLOCKS = YES;
				GCC_WARN_64_TO_32_BIT_CONVERSION = YES;
				GCC_WARN_ABOUT_RETURN_TYPE = YES_ERROR;
				GCC_WARN_UNDECLARED_SELECTOR = YES;
				GCC_WARN_UNINITIALIZED_AUTOS = YES_AGGRESSIVE;
				GCC_WARN_UNUSED_FUNCTION = YES;
				GCC_WARN_UNUSED_VARIABLE = YES;
				IPHONEOS_DEPLOYMENT_TARGET = 13.5;
				MTL_ENABLE_DEBUG_INFO = NO;
				MTL_FAST_MATH = YES;
				SDKROOT = iphoneos;
				VALIDATE_PRODUCT = YES;
			};
			name = Release;
		};
		D8E5D84B248B452100D3255C /* Debug */ = {
			isa = XCBuildConfiguration;
			baseConfigurationReference = 99A6353E5355F78FF5D30D2E /* Pods-My-Memorandum.debug.xcconfig */;
			buildSettings = {
				ASSETCATALOG_COMPILER_APPICON_NAME = AppIcon;
				CODE_SIGN_STYLE = Automatic;
				DEVELOPMENT_TEAM = GN8US939RV;
				GCC_PRECOMPILE_PREFIX_HEADER = YES;
				GCC_PREFIX_HEADER = "$(SRCROOT)/My-Memorandum/GlobalCommonFile.pch";
				INFOPLIST_FILE = "My-Memorandum/Info.plist";
				IPHONEOS_DEPLOYMENT_TARGET = 13.0;
				LD_RUNPATH_SEARCH_PATHS = (
					"$(inherited)",
					"@executable_path/Frameworks",
				);
				PRODUCT_BUNDLE_IDENTIFIER = "com.memorandum.sui.My-Memorandum";
				PRODUCT_NAME = "$(TARGET_NAME)";
				TARGETED_DEVICE_FAMILY = "1,2";
			};
			name = Debug;
		};
		D8E5D84C248B452100D3255C /* Release */ = {
			isa = XCBuildConfiguration;
			baseConfigurationReference = 938F9AAF4D8E57FE61A05310 /* Pods-My-Memorandum.release.xcconfig */;
			buildSettings = {
				ASSETCATALOG_COMPILER_APPICON_NAME = AppIcon;
				CODE_SIGN_STYLE = Automatic;
				DEVELOPMENT_TEAM = GN8US939RV;
				GCC_PRECOMPILE_PREFIX_HEADER = YES;
				GCC_PREFIX_HEADER = "$(SRCROOT)/My-Memorandum/GlobalCommonFile.pch";
				INFOPLIST_FILE = "My-Memorandum/Info.plist";
				IPHONEOS_DEPLOYMENT_TARGET = 13.0;
				LD_RUNPATH_SEARCH_PATHS = (
					"$(inherited)",
					"@executable_path/Frameworks",
				);
				PRODUCT_BUNDLE_IDENTIFIER = "com.memorandum.sui.My-Memorandum";
				PRODUCT_NAME = "$(TARGET_NAME)";
				TARGETED_DEVICE_FAMILY = "1,2";
			};
			name = Release;
		};
		D8E5D84E248B452100D3255C /* Debug */ = {
			isa = XCBuildConfiguration;
			baseConfigurationReference = 7C7BE15E89DBC278F917FC1B /* Pods-My-MemorandumTests.debug.xcconfig */;
			buildSettings = {
				BUNDLE_LOADER = "$(TEST_HOST)";
				CODE_SIGN_STYLE = Automatic;
				DEVELOPMENT_TEAM = GN8US939RV;
				INFOPLIST_FILE = "My-MemorandumTests/Info.plist";
				IPHONEOS_DEPLOYMENT_TARGET = 13.5;
				LD_RUNPATH_SEARCH_PATHS = (
					"$(inherited)",
					"@executable_path/Frameworks",
					"@loader_path/Frameworks",
				);
				PRODUCT_BUNDLE_IDENTIFIER = "com.memorandum.sui.My-MemorandumTests";
				PRODUCT_NAME = "$(TARGET_NAME)";
				TARGETED_DEVICE_FAMILY = "1,2";
				TEST_HOST = "$(BUILT_PRODUCTS_DIR)/My-Memorandum.app/My-Memorandum";
			};
			name = Debug;
		};
		D8E5D84F248B452100D3255C /* Release */ = {
			isa = XCBuildConfiguration;
			baseConfigurationReference = 7D2FACB79FB72AF87D3B2E57 /* Pods-My-MemorandumTests.release.xcconfig */;
			buildSettings = {
				BUNDLE_LOADER = "$(TEST_HOST)";
				CODE_SIGN_STYLE = Automatic;
				DEVELOPMENT_TEAM = GN8US939RV;
				INFOPLIST_FILE = "My-MemorandumTests/Info.plist";
				IPHONEOS_DEPLOYMENT_TARGET = 13.5;
				LD_RUNPATH_SEARCH_PATHS = (
					"$(inherited)",
					"@executable_path/Frameworks",
					"@loader_path/Frameworks",
				);
				PRODUCT_BUNDLE_IDENTIFIER = "com.memorandum.sui.My-MemorandumTests";
				PRODUCT_NAME = "$(TARGET_NAME)";
				TARGETED_DEVICE_FAMILY = "1,2";
				TEST_HOST = "$(BUILT_PRODUCTS_DIR)/My-Memorandum.app/My-Memorandum";
			};
			name = Release;
		};
		D8E5D851248B452100D3255C /* Debug */ = {
			isa = XCBuildConfiguration;
			baseConfigurationReference = 00D1F9C14D4753D4E11A6586 /* Pods-My-Memorandum-My-MemorandumUITests.debug.xcconfig */;
			buildSettings = {
				CODE_SIGN_STYLE = Automatic;
				DEVELOPMENT_TEAM = GN8US939RV;
				INFOPLIST_FILE = "My-MemorandumUITests/Info.plist";
				LD_RUNPATH_SEARCH_PATHS = (
					"$(inherited)",
					"@executable_path/Frameworks",
					"@loader_path/Frameworks",
				);
				PRODUCT_BUNDLE_IDENTIFIER = "com.memorandum.sui.My-MemorandumUITests";
				PRODUCT_NAME = "$(TARGET_NAME)";
				TARGETED_DEVICE_FAMILY = "1,2";
				TEST_TARGET_NAME = "My-Memorandum";
			};
			name = Debug;
		};
		D8E5D852248B452100D3255C /* Release */ = {
			isa = XCBuildConfiguration;
			baseConfigurationReference = C4161480E8032AF140EA9099 /* Pods-My-Memorandum-My-MemorandumUITests.release.xcconfig */;
			buildSettings = {
				CODE_SIGN_STYLE = Automatic;
				DEVELOPMENT_TEAM = GN8US939RV;
				INFOPLIST_FILE = "My-MemorandumUITests/Info.plist";
				LD_RUNPATH_SEARCH_PATHS = (
					"$(inherited)",
					"@executable_path/Frameworks",
					"@loader_path/Frameworks",
				);
				PRODUCT_BUNDLE_IDENTIFIER = "com.memorandum.sui.My-MemorandumUITests";
				PRODUCT_NAME = "$(TARGET_NAME)";
				TARGETED_DEVICE_FAMILY = "1,2";
				TEST_TARGET_NAME = "My-Memorandum";
			};
			name = Release;
		};
/* End XCBuildConfiguration section */

/* Begin XCConfigurationList section */
		D8E5D816248B451F00D3255C /* Build configuration list for PBXProject "My-Memorandum" */ = {
			isa = XCConfigurationList;
			buildConfigurations = (
				D8E5D848248B452100D3255C /* Debug */,
				D8E5D849248B452100D3255C /* Release */,
			);
			defaultConfigurationIsVisible = 0;
			defaultConfigurationName = Release;
		};
		D8E5D84A248B452100D3255C /* Build configuration list for PBXNativeTarget "My-Memorandum" */ = {
			isa = XCConfigurationList;
			buildConfigurations = (
				D8E5D84B248B452100D3255C /* Debug */,
				D8E5D84C248B452100D3255C /* Release */,
			);
			defaultConfigurationIsVisible = 0;
			defaultConfigurationName = Release;
		};
		D8E5D84D248B452100D3255C /* Build configuration list for PBXNativeTarget "My-MemorandumTests" */ = {
			isa = XCConfigurationList;
			buildConfigurations = (
				D8E5D84E248B452100D3255C /* Debug */,
				D8E5D84F248B452100D3255C /* Release */,
			);
			defaultConfigurationIsVisible = 0;
			defaultConfigurationName = Release;
		};
		D8E5D850248B452100D3255C /* Build configuration list for PBXNativeTarget "My-MemorandumUITests" */ = {
			isa = XCConfigurationList;
			buildConfigurations = (
				D8E5D851248B452100D3255C /* Debug */,
				D8E5D852248B452100D3255C /* Release */,
			);
			defaultConfigurationIsVisible = 0;
			defaultConfigurationName = Release;
		};
/* End XCConfigurationList section */
	};
	rootObject = D8E5D813248B451F00D3255C /* Project object */;
}
